{
  "name": "controller",
  "version": "1.0.0",
  "lockfileVersion": 1,
  "requires": true,
  "dependencies": {
    "@aws-crypto/ie11-detection": {
      "version": "1.0.0",
      "resolved": "https://registry.npmjs.org/@aws-crypto/ie11-detection/-/ie11-detection-1.0.0.tgz",
      "integrity": "sha512-kCKVhCF1oDxFYgQrxXmIrS5oaWulkvRcPz+QBDMsUr2crbF4VGgGT6+uQhSwJFdUAQ2A//Vq+uT83eJrkzFgXA==",
      "requires": {
        "tslib": "^1.11.1"
      },
      "dependencies": {
        "tslib": {
          "version": "1.14.1",
          "resolved": "https://registry.npmjs.org/tslib/-/tslib-1.14.1.tgz",
          "integrity": "sha512-Xni35NKzjgMrwevysHTCArtLDpPvye8zV/0E4EyYn43P7/7qvQwPh9BGkHewbMulVntbigmcT7rdX3BNo9wRJg=="
        }
      }
    },
    "@aws-crypto/sha256-browser": {
      "version": "1.1.0",
      "resolved": "https://registry.npmjs.org/@aws-crypto/sha256-browser/-/sha256-browser-1.1.0.tgz",
      "integrity": "sha512-VIpuLRDonMAHgomrsm/zKbeXTnxpr4aHDQmS4pF+NcpvBp64l675yjGA9hyUYs/QJwBjUl8WqMjh9tIRgi85Sg==",
      "requires": {
        "@aws-crypto/ie11-detection": "^1.0.0",
        "@aws-crypto/sha256-js": "^1.1.0",
        "@aws-crypto/supports-web-crypto": "^1.0.0",
        "@aws-sdk/types": "^3.1.0",
        "@aws-sdk/util-locate-window": "^3.0.0",
        "@aws-sdk/util-utf8-browser": "^3.0.0",
        "tslib": "^1.11.1"
      },
      "dependencies": {
        "tslib": {
          "version": "1.14.1",
          "resolved": "https://registry.npmjs.org/tslib/-/tslib-1.14.1.tgz",
          "integrity": "sha512-Xni35NKzjgMrwevysHTCArtLDpPvye8zV/0E4EyYn43P7/7qvQwPh9BGkHewbMulVntbigmcT7rdX3BNo9wRJg=="
        }
      }
    },
    "@aws-crypto/sha256-js": {
      "version": "1.1.0",
      "resolved": "https://registry.npmjs.org/@aws-crypto/sha256-js/-/sha256-js-1.1.0.tgz",
      "integrity": "sha512-VIhuqbPgXDVr8sZe2yhgQcDRRmzf4CI8fmC1A3bHiRfE6wlz1d8KpeemqbuoEHotz/Dch9yOxlshyQDNjNFeHA==",
      "requires": {
        "@aws-sdk/types": "^3.1.0",
        "@aws-sdk/util-utf8-browser": "^3.0.0",
        "tslib": "^1.11.1"
      },
      "dependencies": {
        "tslib": {
          "version": "1.14.1",
          "resolved": "https://registry.npmjs.org/tslib/-/tslib-1.14.1.tgz",
          "integrity": "sha512-Xni35NKzjgMrwevysHTCArtLDpPvye8zV/0E4EyYn43P7/7qvQwPh9BGkHewbMulVntbigmcT7rdX3BNo9wRJg=="
        }
      }
    },
    "@aws-crypto/supports-web-crypto": {
      "version": "1.0.0",
      "resolved": "https://registry.npmjs.org/@aws-crypto/supports-web-crypto/-/supports-web-crypto-1.0.0.tgz",
      "integrity": "sha512-IHLfv+WmVH89EW4n6a5eE8/hUlz6qkWGMn/v4r5ZgzcXdTC5nolii2z3k46y01hWRiC2PPhOdeSLzMUCUMco7g==",
      "requires": {
        "tslib": "^1.11.1"
      },
      "dependencies": {
        "tslib": {
          "version": "1.14.1",
          "resolved": "https://registry.npmjs.org/tslib/-/tslib-1.14.1.tgz",
          "integrity": "sha512-Xni35NKzjgMrwevysHTCArtLDpPvye8zV/0E4EyYn43P7/7qvQwPh9BGkHewbMulVntbigmcT7rdX3BNo9wRJg=="
        }
      }
    },
    "@aws-sdk/abort-controller": {
      "version": "3.3.0",
      "resolved": "https://registry.npmjs.org/@aws-sdk/abort-controller/-/abort-controller-3.3.0.tgz",
      "integrity": "sha512-hOsgg1fxdle9Fo4aqYCHBnrMoJEwk+sjEZUtl/dwcD4a6wW3Ono9bIC0R8QEJbOQoLqQ5X+JFiQIB2+dIIokNg==",
      "requires": {
        "@aws-sdk/types": "3.1.0",
        "tslib": "^1.8.0"
      },
      "dependencies": {
        "tslib": {
          "version": "1.14.1",
          "resolved": "https://registry.npmjs.org/tslib/-/tslib-1.14.1.tgz",
          "integrity": "sha512-Xni35NKzjgMrwevysHTCArtLDpPvye8zV/0E4EyYn43P7/7qvQwPh9BGkHewbMulVntbigmcT7rdX3BNo9wRJg=="
        }
      }
    },
    "@aws-sdk/client-ssm": {
      "version": "3.3.0",
      "resolved": "https://registry.npmjs.org/@aws-sdk/client-ssm/-/client-ssm-3.3.0.tgz",
      "integrity": "sha512-OsI2IURL1pakvkHalpp5/Ve5DENR0gw08JO/KQNWm7V1Yf4AuTpDxOBrUnyMuvLyrAvrldocKlnbxy77fiNhQQ==",
      "requires": {
        "@aws-crypto/sha256-browser": "^1.0.0",
        "@aws-crypto/sha256-js": "^1.0.0",
        "@aws-sdk/config-resolver": "3.3.0",
        "@aws-sdk/credential-provider-node": "3.3.0",
        "@aws-sdk/fetch-http-handler": "3.3.0",
        "@aws-sdk/hash-node": "3.3.0",
        "@aws-sdk/invalid-dependency": "3.3.0",
        "@aws-sdk/middleware-content-length": "3.3.0",
        "@aws-sdk/middleware-host-header": "3.3.0",
        "@aws-sdk/middleware-logger": "3.3.0",
        "@aws-sdk/middleware-retry": "3.3.0",
        "@aws-sdk/middleware-serde": "3.3.0",
        "@aws-sdk/middleware-signing": "3.3.0",
        "@aws-sdk/middleware-stack": "3.1.0",
        "@aws-sdk/middleware-user-agent": "3.3.0",
        "@aws-sdk/node-config-provider": "3.3.0",
        "@aws-sdk/node-http-handler": "3.3.0",
        "@aws-sdk/protocol-http": "3.3.0",
        "@aws-sdk/smithy-client": "3.3.0",
        "@aws-sdk/types": "3.1.0",
        "@aws-sdk/url-parser": "3.3.0",
        "@aws-sdk/url-parser-native": "3.3.0",
        "@aws-sdk/util-base64-browser": "3.1.0",
        "@aws-sdk/util-base64-node": "3.1.0",
        "@aws-sdk/util-body-length-browser": "3.1.0",
        "@aws-sdk/util-body-length-node": "3.1.0",
        "@aws-sdk/util-user-agent-browser": "3.3.0",
        "@aws-sdk/util-user-agent-node": "3.3.0",
        "@aws-sdk/util-utf8-browser": "3.1.0",
        "@aws-sdk/util-utf8-node": "3.1.0",
        "@aws-sdk/util-waiter": "3.3.0",
        "tslib": "^2.0.0",
        "uuid": "^3.0.0"
      }
    },
    "@aws-sdk/config-resolver": {
      "version": "3.3.0",
      "resolved": "https://registry.npmjs.org/@aws-sdk/config-resolver/-/config-resolver-3.3.0.tgz",
      "integrity": "sha512-d/1NjyzGl8/GyeTnhxTY1ewLBdOR9qGHcWIGukYsWllnyW/G5IwPuG0uGGCKZpBkvHcGZhZZMEfHuiEqdrLm9g==",
      "requires": {
        "@aws-sdk/signature-v4": "3.3.0",
        "@aws-sdk/types": "3.1.0",
        "tslib": "^1.8.0"
      },
      "dependencies": {
        "tslib": {
          "version": "1.14.1",
          "resolved": "https://registry.npmjs.org/tslib/-/tslib-1.14.1.tgz",
          "integrity": "sha512-Xni35NKzjgMrwevysHTCArtLDpPvye8zV/0E4EyYn43P7/7qvQwPh9BGkHewbMulVntbigmcT7rdX3BNo9wRJg=="
        }
      }
    },
    "@aws-sdk/credential-provider-env": {
      "version": "3.3.0",
      "resolved": "https://registry.npmjs.org/@aws-sdk/credential-provider-env/-/credential-provider-env-3.3.0.tgz",
      "integrity": "sha512-kyqZMlGdH/05IhuXLBUXtj5+hhRfYiHFcJLc3ts/uiwCixswVHPAYHgyWm9ajFkmWtpz6ih+0LoYryhPbYu01A==",
      "requires": {
        "@aws-sdk/property-provider": "3.3.0",
        "@aws-sdk/types": "3.1.0",
        "tslib": "^1.8.0"
      },
      "dependencies": {
        "tslib": {
          "version": "1.14.1",
          "resolved": "https://registry.npmjs.org/tslib/-/tslib-1.14.1.tgz",
          "integrity": "sha512-Xni35NKzjgMrwevysHTCArtLDpPvye8zV/0E4EyYn43P7/7qvQwPh9BGkHewbMulVntbigmcT7rdX3BNo9wRJg=="
        }
      }
    },
    "@aws-sdk/credential-provider-imds": {
      "version": "3.3.0",
      "resolved": "https://registry.npmjs.org/@aws-sdk/credential-provider-imds/-/credential-provider-imds-3.3.0.tgz",
      "integrity": "sha512-Cx0YMnO/ScGQVDns006bLbqOxNURGN2Xm21bCY0l0ZUJCdJ2va1/9q1rljDyw2KvdzZNQVRQII3uUgj/Oq/K+g==",
      "requires": {
        "@aws-sdk/property-provider": "3.3.0",
        "@aws-sdk/types": "3.1.0",
        "tslib": "^1.8.0"
      },
      "dependencies": {
        "tslib": {
          "version": "1.14.1",
          "resolved": "https://registry.npmjs.org/tslib/-/tslib-1.14.1.tgz",
          "integrity": "sha512-Xni35NKzjgMrwevysHTCArtLDpPvye8zV/0E4EyYn43P7/7qvQwPh9BGkHewbMulVntbigmcT7rdX3BNo9wRJg=="
        }
      }
    },
    "@aws-sdk/credential-provider-ini": {
      "version": "3.3.0",
      "resolved": "https://registry.npmjs.org/@aws-sdk/credential-provider-ini/-/credential-provider-ini-3.3.0.tgz",
      "integrity": "sha512-zawNFJoasXiaV5n0H3/KNOi7mAZ7mHpG1+nBEkoWhZ31lIUM9+heGPcxKCbf/pMQjiOebUqL1OpWe4uSWxIVMw==",
      "requires": {
        "@aws-sdk/property-provider": "3.3.0",
        "@aws-sdk/shared-ini-file-loader": "3.1.0",
        "@aws-sdk/types": "3.1.0",
        "tslib": "^1.8.0"
      },
      "dependencies": {
        "tslib": {
          "version": "1.14.1",
          "resolved": "https://registry.npmjs.org/tslib/-/tslib-1.14.1.tgz",
          "integrity": "sha512-Xni35NKzjgMrwevysHTCArtLDpPvye8zV/0E4EyYn43P7/7qvQwPh9BGkHewbMulVntbigmcT7rdX3BNo9wRJg=="
        }
      }
    },
    "@aws-sdk/credential-provider-node": {
      "version": "3.3.0",
      "resolved": "https://registry.npmjs.org/@aws-sdk/credential-provider-node/-/credential-provider-node-3.3.0.tgz",
      "integrity": "sha512-PPBNzPq8fHk9dEQTTE4iJi6ZWtmo057Lc+I8Rlzmvz6NthK9iKiU819tfaxVBb6ZR7bLP0BuDiCi4G1lD+rQnQ==",
      "requires": {
        "@aws-sdk/credential-provider-env": "3.3.0",
        "@aws-sdk/credential-provider-imds": "3.3.0",
        "@aws-sdk/credential-provider-ini": "3.3.0",
        "@aws-sdk/credential-provider-process": "3.3.0",
        "@aws-sdk/property-provider": "3.3.0",
        "@aws-sdk/types": "3.1.0",
        "tslib": "^1.8.0"
      },
      "dependencies": {
        "tslib": {
          "version": "1.14.1",
          "resolved": "https://registry.npmjs.org/tslib/-/tslib-1.14.1.tgz",
          "integrity": "sha512-Xni35NKzjgMrwevysHTCArtLDpPvye8zV/0E4EyYn43P7/7qvQwPh9BGkHewbMulVntbigmcT7rdX3BNo9wRJg=="
        }
      }
    },
    "@aws-sdk/credential-provider-process": {
      "version": "3.3.0",
      "resolved": "https://registry.npmjs.org/@aws-sdk/credential-provider-process/-/credential-provider-process-3.3.0.tgz",
      "integrity": "sha512-7oOF1j6ydUq43P3SsasiIpbxMKCmT0C+XwggHTGiVxNtX+QZiH1vdMf8otA7puLEey0iY5wTAIEcZhC6HenojA==",
      "requires": {
        "@aws-sdk/credential-provider-ini": "3.3.0",
        "@aws-sdk/property-provider": "3.3.0",
        "@aws-sdk/shared-ini-file-loader": "3.1.0",
        "@aws-sdk/types": "3.1.0",
        "tslib": "^1.8.0"
      },
      "dependencies": {
        "tslib": {
          "version": "1.14.1",
          "resolved": "https://registry.npmjs.org/tslib/-/tslib-1.14.1.tgz",
          "integrity": "sha512-Xni35NKzjgMrwevysHTCArtLDpPvye8zV/0E4EyYn43P7/7qvQwPh9BGkHewbMulVntbigmcT7rdX3BNo9wRJg=="
        }
      }
    },
    "@aws-sdk/fetch-http-handler": {
      "version": "3.3.0",
      "resolved": "https://registry.npmjs.org/@aws-sdk/fetch-http-handler/-/fetch-http-handler-3.3.0.tgz",
      "integrity": "sha512-V1XwKOc2WzPuBwg70yEjr3P1bJPgD7yoRBdNn7cqte5LNWl3OVI5+DeLm+ztCvMsj4Y87klqhyrtQkxaxwdkGw==",
      "requires": {
        "@aws-sdk/protocol-http": "3.3.0",
        "@aws-sdk/querystring-builder": "3.3.0",
        "@aws-sdk/types": "3.1.0",
        "@aws-sdk/util-base64-browser": "3.1.0",
        "tslib": "^1.8.0"
      },
      "dependencies": {
        "tslib": {
          "version": "1.14.1",
          "resolved": "https://registry.npmjs.org/tslib/-/tslib-1.14.1.tgz",
          "integrity": "sha512-Xni35NKzjgMrwevysHTCArtLDpPvye8zV/0E4EyYn43P7/7qvQwPh9BGkHewbMulVntbigmcT7rdX3BNo9wRJg=="
        }
      }
    },
    "@aws-sdk/hash-node": {
      "version": "3.3.0",
      "resolved": "https://registry.npmjs.org/@aws-sdk/hash-node/-/hash-node-3.3.0.tgz",
      "integrity": "sha512-sKrcmKoBqwhGmc7M0zae/YO06ueqh0uktZriQO+JpdIpG9MAiduqr9z3VR8IDhkCsznQqf6xRU5fdiaL6bcy9A==",
      "requires": {
        "@aws-sdk/types": "3.1.0",
        "@aws-sdk/util-buffer-from": "3.1.0",
        "tslib": "^1.8.0"
      },
      "dependencies": {
        "tslib": {
          "version": "1.14.1",
          "resolved": "https://registry.npmjs.org/tslib/-/tslib-1.14.1.tgz",
          "integrity": "sha512-Xni35NKzjgMrwevysHTCArtLDpPvye8zV/0E4EyYn43P7/7qvQwPh9BGkHewbMulVntbigmcT7rdX3BNo9wRJg=="
        }
      }
    },
    "@aws-sdk/invalid-dependency": {
      "version": "3.3.0",
      "resolved": "https://registry.npmjs.org/@aws-sdk/invalid-dependency/-/invalid-dependency-3.3.0.tgz",
      "integrity": "sha512-gYPEnnMft3bT1/v4xLjvqU4Os+mVqAhg5FCQGmnk2keWuaTX3SVKDr5XEt4mg7WuP81/ldunvlgAF2RdULGn1Q==",
      "requires": {
        "@aws-sdk/types": "3.1.0",
        "tslib": "^1.8.0"
      },
      "dependencies": {
        "tslib": {
          "version": "1.14.1",
          "resolved": "https://registry.npmjs.org/tslib/-/tslib-1.14.1.tgz",
          "integrity": "sha512-Xni35NKzjgMrwevysHTCArtLDpPvye8zV/0E4EyYn43P7/7qvQwPh9BGkHewbMulVntbigmcT7rdX3BNo9wRJg=="
        }
      }
    },
    "@aws-sdk/is-array-buffer": {
      "version": "3.1.0",
      "resolved": "https://registry.npmjs.org/@aws-sdk/is-array-buffer/-/is-array-buffer-3.1.0.tgz",
      "integrity": "sha512-wE6Am+/FKuINc/aypXiBiLAatlSyxYQ9wGGQHf2iYOX5d5bHLOVKPoRwcqSCaiaR32aRcS7R+IhgxeBy+ajsMQ==",
      "requires": {
        "tslib": "^1.8.0"
      },
      "dependencies": {
        "tslib": {
          "version": "1.14.1",
          "resolved": "https://registry.npmjs.org/tslib/-/tslib-1.14.1.tgz",
          "integrity": "sha512-Xni35NKzjgMrwevysHTCArtLDpPvye8zV/0E4EyYn43P7/7qvQwPh9BGkHewbMulVntbigmcT7rdX3BNo9wRJg=="
        }
      }
    },
    "@aws-sdk/middleware-content-length": {
      "version": "3.3.0",
      "resolved": "https://registry.npmjs.org/@aws-sdk/middleware-content-length/-/middleware-content-length-3.3.0.tgz",
      "integrity": "sha512-QSNTYBs8uGEtAxG9/97Jjfw1jI9Dyk8HUILX1pwDaZ9X+a0O/cdotqHbvwE1sylAlZl+clm2TDoKeLnaOHWRhg==",
      "requires": {
        "@aws-sdk/protocol-http": "3.3.0",
        "@aws-sdk/types": "3.1.0",
        "tslib": "^1.8.0"
      },
      "dependencies": {
        "tslib": {
          "version": "1.14.1",
          "resolved": "https://registry.npmjs.org/tslib/-/tslib-1.14.1.tgz",
          "integrity": "sha512-Xni35NKzjgMrwevysHTCArtLDpPvye8zV/0E4EyYn43P7/7qvQwPh9BGkHewbMulVntbigmcT7rdX3BNo9wRJg=="
        }
      }
    },
    "@aws-sdk/middleware-host-header": {
      "version": "3.3.0",
      "resolved": "https://registry.npmjs.org/@aws-sdk/middleware-host-header/-/middleware-host-header-3.3.0.tgz",
      "integrity": "sha512-3rt5mfo0HFmKBcHQOsBLi0snVWnnbhqu0wuZmralffQLOZ7xl8p2213hwIGHt24aefjMFG+907cwoact1vEulg==",
      "requires": {
        "@aws-sdk/protocol-http": "3.3.0",
        "@aws-sdk/types": "3.1.0",
        "tslib": "^1.8.0"
      },
      "dependencies": {
        "tslib": {
          "version": "1.14.1",
          "resolved": "https://registry.npmjs.org/tslib/-/tslib-1.14.1.tgz",
          "integrity": "sha512-Xni35NKzjgMrwevysHTCArtLDpPvye8zV/0E4EyYn43P7/7qvQwPh9BGkHewbMulVntbigmcT7rdX3BNo9wRJg=="
        }
      }
    },
    "@aws-sdk/middleware-logger": {
      "version": "3.3.0",
      "resolved": "https://registry.npmjs.org/@aws-sdk/middleware-logger/-/middleware-logger-3.3.0.tgz",
      "integrity": "sha512-ySRUXK2UcGto73JDxeNjne/e7NvEoUtETS+U3+euD4DDUr+Bh9LRim7XxjkPciSE3VINVxZEP2C92XLYAQHcCA==",
      "requires": {
        "@aws-sdk/types": "3.1.0",
        "tslib": "^1.8.0"
      },
      "dependencies": {
        "tslib": {
          "version": "1.14.1",
          "resolved": "https://registry.npmjs.org/tslib/-/tslib-1.14.1.tgz",
          "integrity": "sha512-Xni35NKzjgMrwevysHTCArtLDpPvye8zV/0E4EyYn43P7/7qvQwPh9BGkHewbMulVntbigmcT7rdX3BNo9wRJg=="
        }
      }
    },
    "@aws-sdk/middleware-retry": {
      "version": "3.3.0",
      "resolved": "https://registry.npmjs.org/@aws-sdk/middleware-retry/-/middleware-retry-3.3.0.tgz",
      "integrity": "sha512-62XOdoCS9+ZEUfccMkGVXHENsaMnIJ+IjQEwp6i79CVz8v387yVZRCb/cpATHILb2eLz+HsSiQvWiK3vZbTeDw==",
      "requires": {
        "@aws-sdk/protocol-http": "3.3.0",
        "@aws-sdk/service-error-classification": "3.3.0",
        "@aws-sdk/types": "3.1.0",
        "react-native-get-random-values": "^1.4.0",
        "tslib": "^1.8.0",
        "uuid": "^3.0.0"
      },
      "dependencies": {
        "tslib": {
          "version": "1.14.1",
          "resolved": "https://registry.npmjs.org/tslib/-/tslib-1.14.1.tgz",
          "integrity": "sha512-Xni35NKzjgMrwevysHTCArtLDpPvye8zV/0E4EyYn43P7/7qvQwPh9BGkHewbMulVntbigmcT7rdX3BNo9wRJg=="
        }
      }
    },
    "@aws-sdk/middleware-serde": {
      "version": "3.3.0",
      "resolved": "https://registry.npmjs.org/@aws-sdk/middleware-serde/-/middleware-serde-3.3.0.tgz",
      "integrity": "sha512-BLXJSj1erTlId6rj7I8YVGfJv82mDc2n52REYiR5Bnb7ob7ZBUlt5QFfLXC3HgCGIHT8ks7Kh7liTaIGXu1MVg==",
      "requires": {
        "@aws-sdk/types": "3.1.0",
        "tslib": "^1.8.0"
      },
      "dependencies": {
        "tslib": {
          "version": "1.14.1",
          "resolved": "https://registry.npmjs.org/tslib/-/tslib-1.14.1.tgz",
          "integrity": "sha512-Xni35NKzjgMrwevysHTCArtLDpPvye8zV/0E4EyYn43P7/7qvQwPh9BGkHewbMulVntbigmcT7rdX3BNo9wRJg=="
        }
      }
    },
    "@aws-sdk/middleware-signing": {
      "version": "3.3.0",
      "resolved": "https://registry.npmjs.org/@aws-sdk/middleware-signing/-/middleware-signing-3.3.0.tgz",
      "integrity": "sha512-6SdBgzibJLtOrBI8ANIVunsO2mPj2bNmaAGutLU5AOg313uaZWVZWhRkBvmk6KryH3B74EueOgI2+M2FWd6Ruw==",
      "requires": {
        "@aws-sdk/protocol-http": "3.3.0",
        "@aws-sdk/signature-v4": "3.3.0",
        "@aws-sdk/types": "3.1.0",
        "tslib": "^1.8.0"
      },
      "dependencies": {
        "tslib": {
          "version": "1.14.1",
          "resolved": "https://registry.npmjs.org/tslib/-/tslib-1.14.1.tgz",
          "integrity": "sha512-Xni35NKzjgMrwevysHTCArtLDpPvye8zV/0E4EyYn43P7/7qvQwPh9BGkHewbMulVntbigmcT7rdX3BNo9wRJg=="
        }
      }
    },
    "@aws-sdk/middleware-stack": {
      "version": "3.1.0",
      "resolved": "https://registry.npmjs.org/@aws-sdk/middleware-stack/-/middleware-stack-3.1.0.tgz",
      "integrity": "sha512-lin0C0xPspT/orPMWWHMYG/7Z128NsSj6Khs4G6TH+2rIixXxQtHLen8H2dSPNIYXnLaxvtUDl5VuqjRt+s2Ow==",
      "requires": {
        "tslib": "^1.8.0"
      },
      "dependencies": {
        "tslib": {
          "version": "1.14.1",
          "resolved": "https://registry.npmjs.org/tslib/-/tslib-1.14.1.tgz",
          "integrity": "sha512-Xni35NKzjgMrwevysHTCArtLDpPvye8zV/0E4EyYn43P7/7qvQwPh9BGkHewbMulVntbigmcT7rdX3BNo9wRJg=="
        }
      }
    },
    "@aws-sdk/middleware-user-agent": {
      "version": "3.3.0",
      "resolved": "https://registry.npmjs.org/@aws-sdk/middleware-user-agent/-/middleware-user-agent-3.3.0.tgz",
      "integrity": "sha512-7kH0kpjcgtaxDnR5cdCHnOtsg35fMU8dnqcciTUUNIO619P4GFUROom0IpWMTDHeee4uGDTbJJ8j+dZL06/1bA==",
      "requires": {
        "@aws-sdk/protocol-http": "3.3.0",
        "@aws-sdk/types": "3.1.0",
        "tslib": "^1.8.0"
      },
      "dependencies": {
        "tslib": {
          "version": "1.14.1",
          "resolved": "https://registry.npmjs.org/tslib/-/tslib-1.14.1.tgz",
          "integrity": "sha512-Xni35NKzjgMrwevysHTCArtLDpPvye8zV/0E4EyYn43P7/7qvQwPh9BGkHewbMulVntbigmcT7rdX3BNo9wRJg=="
        }
      }
    },
    "@aws-sdk/node-config-provider": {
      "version": "3.3.0",
      "resolved": "https://registry.npmjs.org/@aws-sdk/node-config-provider/-/node-config-provider-3.3.0.tgz",
      "integrity": "sha512-5zxRyXu8oQuTOMFNPbeDsbR9Dm9XyZGAvK4WFmMm9XGfD04H9kllYVluGNo7fpV59DRsd+n8ft6g2kXm2PaMRg==",
      "requires": {
        "@aws-sdk/property-provider": "3.3.0",
        "@aws-sdk/shared-ini-file-loader": "3.1.0",
        "@aws-sdk/types": "3.1.0",
        "tslib": "^1.8.0"
      },
      "dependencies": {
        "tslib": {
          "version": "1.14.1",
          "resolved": "https://registry.npmjs.org/tslib/-/tslib-1.14.1.tgz",
          "integrity": "sha512-Xni35NKzjgMrwevysHTCArtLDpPvye8zV/0E4EyYn43P7/7qvQwPh9BGkHewbMulVntbigmcT7rdX3BNo9wRJg=="
        }
      }
    },
    "@aws-sdk/node-http-handler": {
      "version": "3.3.0",
      "resolved": "https://registry.npmjs.org/@aws-sdk/node-http-handler/-/node-http-handler-3.3.0.tgz",
      "integrity": "sha512-24oLdrLfKPV8BtszIjxzc+SxBVrUDv7p8WmTHd9IdBWCU3BATcsJpAF6piRJ7o/VzJwvjHrk41Fum6iBNAXsLQ==",
      "requires": {
        "@aws-sdk/abort-controller": "3.3.0",
        "@aws-sdk/protocol-http": "3.3.0",
        "@aws-sdk/querystring-builder": "3.3.0",
        "@aws-sdk/types": "3.1.0",
        "tslib": "^1.8.0"
      },
      "dependencies": {
        "tslib": {
          "version": "1.14.1",
          "resolved": "https://registry.npmjs.org/tslib/-/tslib-1.14.1.tgz",
          "integrity": "sha512-Xni35NKzjgMrwevysHTCArtLDpPvye8zV/0E4EyYn43P7/7qvQwPh9BGkHewbMulVntbigmcT7rdX3BNo9wRJg=="
        }
      }
    },
    "@aws-sdk/property-provider": {
      "version": "3.3.0",
      "resolved": "https://registry.npmjs.org/@aws-sdk/property-provider/-/property-provider-3.3.0.tgz",
      "integrity": "sha512-JTyjtXVNhFczL9IfgwXD55F6DqXL50PhfZxFW92t5dDj5VtWpOL74BbuxHQxHBgnQv1FKLr6N9cr7gfXWexDug==",
      "requires": {
        "@aws-sdk/types": "3.1.0",
        "tslib": "^1.8.0"
      },
      "dependencies": {
        "tslib": {
          "version": "1.14.1",
          "resolved": "https://registry.npmjs.org/tslib/-/tslib-1.14.1.tgz",
          "integrity": "sha512-Xni35NKzjgMrwevysHTCArtLDpPvye8zV/0E4EyYn43P7/7qvQwPh9BGkHewbMulVntbigmcT7rdX3BNo9wRJg=="
        }
      }
    },
    "@aws-sdk/protocol-http": {
      "version": "3.3.0",
      "resolved": "https://registry.npmjs.org/@aws-sdk/protocol-http/-/protocol-http-3.3.0.tgz",
      "integrity": "sha512-fAQ0iN489Sg3bHgVt1oRqPke3oEtWTPk/7LjVtx58+C5LdO4ynnERanB6YRG4NE+eeta92Ea/d+rmggfS/WQ2g==",
      "requires": {
        "@aws-sdk/types": "3.1.0",
        "tslib": "^1.8.0"
      },
      "dependencies": {
        "tslib": {
          "version": "1.14.1",
          "resolved": "https://registry.npmjs.org/tslib/-/tslib-1.14.1.tgz",
          "integrity": "sha512-Xni35NKzjgMrwevysHTCArtLDpPvye8zV/0E4EyYn43P7/7qvQwPh9BGkHewbMulVntbigmcT7rdX3BNo9wRJg=="
        }
      }
    },
    "@aws-sdk/querystring-builder": {
      "version": "3.3.0",
      "resolved": "https://registry.npmjs.org/@aws-sdk/querystring-builder/-/querystring-builder-3.3.0.tgz",
      "integrity": "sha512-2cTxRX3/p/GXNbyIPt3+Jn2TA4tI8dUpwLB5va1/W4YJ7baNoyKCZGFbGh9N3bsdl6x9MBk+wg8qemoXjNkr6g==",
      "requires": {
        "@aws-sdk/types": "3.1.0",
        "@aws-sdk/util-uri-escape": "3.1.0",
        "tslib": "^1.8.0"
      },
      "dependencies": {
        "tslib": {
          "version": "1.14.1",
          "resolved": "https://registry.npmjs.org/tslib/-/tslib-1.14.1.tgz",
          "integrity": "sha512-Xni35NKzjgMrwevysHTCArtLDpPvye8zV/0E4EyYn43P7/7qvQwPh9BGkHewbMulVntbigmcT7rdX3BNo9wRJg=="
        }
      }
    },
    "@aws-sdk/querystring-parser": {
      "version": "3.3.0",
      "resolved": "https://registry.npmjs.org/@aws-sdk/querystring-parser/-/querystring-parser-3.3.0.tgz",
      "integrity": "sha512-2tJ8Vj6mJNDrDx0tMXgE7GpwRhsrmXlUD4KI2m33BKzgB6vPl+iKappD/FSFheINpScVWP1oCV2+XgBLuZ25eQ==",
      "requires": {
        "@aws-sdk/types": "3.1.0",
        "tslib": "^1.8.0"
      },
      "dependencies": {
        "tslib": {
          "version": "1.14.1",
          "resolved": "https://registry.npmjs.org/tslib/-/tslib-1.14.1.tgz",
          "integrity": "sha512-Xni35NKzjgMrwevysHTCArtLDpPvye8zV/0E4EyYn43P7/7qvQwPh9BGkHewbMulVntbigmcT7rdX3BNo9wRJg=="
        }
      }
    },
    "@aws-sdk/service-error-classification": {
      "version": "3.3.0",
      "resolved": "https://registry.npmjs.org/@aws-sdk/service-error-classification/-/service-error-classification-3.3.0.tgz",
      "integrity": "sha512-5sVE9AhvwTrlz3vm50oaVOFFjY5WGt2TOyqcV290l6TifHbJwxd5+sDq5e9wVowCiYaKB5KiRLHIn1F2pIhDTw=="
    },
    "@aws-sdk/shared-ini-file-loader": {
      "version": "3.1.0",
      "resolved": "https://registry.npmjs.org/@aws-sdk/shared-ini-file-loader/-/shared-ini-file-loader-3.1.0.tgz",
      "integrity": "sha512-5MxZ/CnSaWvecwtLWmcskMe41zBnAkckQRl+xKygl8wLD/q0goWcmMkA4Sx9fyFnGQtGN/+nNvu0dlG2Arxmvw==",
      "requires": {
        "tslib": "^1.8.0"
      },
      "dependencies": {
        "tslib": {
          "version": "1.14.1",
          "resolved": "https://registry.npmjs.org/tslib/-/tslib-1.14.1.tgz",
          "integrity": "sha512-Xni35NKzjgMrwevysHTCArtLDpPvye8zV/0E4EyYn43P7/7qvQwPh9BGkHewbMulVntbigmcT7rdX3BNo9wRJg=="
        }
      }
    },
    "@aws-sdk/signature-v4": {
      "version": "3.3.0",
      "resolved": "https://registry.npmjs.org/@aws-sdk/signature-v4/-/signature-v4-3.3.0.tgz",
      "integrity": "sha512-l12hSwBam5Leghj4DsgJp28cDu4IFwCGSNJrNndt3CffN5RpCgayuVBnQpHtOnO01Eu728/zA3z4DKu9xXhn9Q==",
      "requires": {
        "@aws-sdk/is-array-buffer": "3.1.0",
        "@aws-sdk/types": "3.1.0",
        "@aws-sdk/util-hex-encoding": "3.1.0",
        "@aws-sdk/util-uri-escape": "3.1.0",
        "tslib": "^1.8.0"
      },
      "dependencies": {
        "tslib": {
          "version": "1.14.1",
          "resolved": "https://registry.npmjs.org/tslib/-/tslib-1.14.1.tgz",
          "integrity": "sha512-Xni35NKzjgMrwevysHTCArtLDpPvye8zV/0E4EyYn43P7/7qvQwPh9BGkHewbMulVntbigmcT7rdX3BNo9wRJg=="
        }
      }
    },
    "@aws-sdk/smithy-client": {
      "version": "3.3.0",
      "resolved": "https://registry.npmjs.org/@aws-sdk/smithy-client/-/smithy-client-3.3.0.tgz",
      "integrity": "sha512-8cwSvHLlvPlQww1TnK9eu/vL7u4kWYM6C8N9mU+ug3SwvuqwIDTCYV8n6Gf+0gvu7m/J0PrIAKk32gnYPI1u6Q==",
      "requires": {
        "@aws-sdk/middleware-stack": "3.1.0",
        "@aws-sdk/types": "3.1.0",
        "tslib": "^1.8.0"
      },
      "dependencies": {
        "tslib": {
          "version": "1.14.1",
          "resolved": "https://registry.npmjs.org/tslib/-/tslib-1.14.1.tgz",
          "integrity": "sha512-Xni35NKzjgMrwevysHTCArtLDpPvye8zV/0E4EyYn43P7/7qvQwPh9BGkHewbMulVntbigmcT7rdX3BNo9wRJg=="
        }
      }
    },
    "@aws-sdk/types": {
      "version": "3.1.0",
      "resolved": "https://registry.npmjs.org/@aws-sdk/types/-/types-3.1.0.tgz",
      "integrity": "sha512-4Az7cemXCN4Qp8EheNkZTJJqIG0dvCT2KAreJLoclcVTcEFw2rzlATUnSeia1YTRsVd6aNxD001Ug7f3vYcQkw=="
    },
    "@aws-sdk/url-parser": {
      "version": "3.3.0",
      "resolved": "https://registry.npmjs.org/@aws-sdk/url-parser/-/url-parser-3.3.0.tgz",
      "integrity": "sha512-HkzZJHOlvpedNxt67NQMF1cbo53bvw9rAUuOaLyw6eBZKYD/qYsUwoUwCMnnpOw7AnRKx6N7oYyYR/sAkciTXw==",
      "requires": {
        "@aws-sdk/querystring-parser": "3.3.0",
        "@aws-sdk/types": "3.1.0",
        "tslib": "^1.8.0"
      },
      "dependencies": {
        "tslib": {
          "version": "1.14.1",
          "resolved": "https://registry.npmjs.org/tslib/-/tslib-1.14.1.tgz",
          "integrity": "sha512-Xni35NKzjgMrwevysHTCArtLDpPvye8zV/0E4EyYn43P7/7qvQwPh9BGkHewbMulVntbigmcT7rdX3BNo9wRJg=="
        }
      }
    },
    "@aws-sdk/url-parser-native": {
      "version": "3.3.0",
      "resolved": "https://registry.npmjs.org/@aws-sdk/url-parser-native/-/url-parser-native-3.3.0.tgz",
      "integrity": "sha512-vdAjz9NKpJkJyyFhAw0BtsZBGtWuPiorVKJver1DK5R7Ckk9zS4Wz+bY33KKqffFApyepFdu289TdMShSCOQPw==",
      "requires": {
        "@aws-sdk/querystring-parser": "3.3.0",
        "@aws-sdk/types": "3.1.0",
        "tslib": "^1.8.0",
        "url": "^0.11.0"
      },
      "dependencies": {
        "tslib": {
          "version": "1.14.1",
          "resolved": "https://registry.npmjs.org/tslib/-/tslib-1.14.1.tgz",
          "integrity": "sha512-Xni35NKzjgMrwevysHTCArtLDpPvye8zV/0E4EyYn43P7/7qvQwPh9BGkHewbMulVntbigmcT7rdX3BNo9wRJg=="
        }
      }
    },
    "@aws-sdk/util-base64-browser": {
      "version": "3.1.0",
      "resolved": "https://registry.npmjs.org/@aws-sdk/util-base64-browser/-/util-base64-browser-3.1.0.tgz",
      "integrity": "sha512-xkodj0VnkHl1gdYI9Nl4E2Ed+atM3xBTNaedoGnmqoyosMjPRJCpU8uFBmdiF4e+GGPsXlYe9oA/hLyJFxmeSQ==",
      "requires": {
        "tslib": "^1.8.0"
      },
      "dependencies": {
        "tslib": {
          "version": "1.14.1",
          "resolved": "https://registry.npmjs.org/tslib/-/tslib-1.14.1.tgz",
          "integrity": "sha512-Xni35NKzjgMrwevysHTCArtLDpPvye8zV/0E4EyYn43P7/7qvQwPh9BGkHewbMulVntbigmcT7rdX3BNo9wRJg=="
        }
      }
    },
    "@aws-sdk/util-base64-node": {
      "version": "3.1.0",
      "resolved": "https://registry.npmjs.org/@aws-sdk/util-base64-node/-/util-base64-node-3.1.0.tgz",
      "integrity": "sha512-FEtnINw2MeD3LAtyGcofah5D8j6OjpmwNKibr7mIgosRO++iVyXe2xa6iOoptZFn5pIU0C4fkJn5o+kjBhRafA==",
      "requires": {
        "@aws-sdk/util-buffer-from": "3.1.0",
        "tslib": "^1.8.0"
      },
      "dependencies": {
        "tslib": {
          "version": "1.14.1",
          "resolved": "https://registry.npmjs.org/tslib/-/tslib-1.14.1.tgz",
          "integrity": "sha512-Xni35NKzjgMrwevysHTCArtLDpPvye8zV/0E4EyYn43P7/7qvQwPh9BGkHewbMulVntbigmcT7rdX3BNo9wRJg=="
        }
      }
    },
    "@aws-sdk/util-body-length-browser": {
      "version": "3.1.0",
      "resolved": "https://registry.npmjs.org/@aws-sdk/util-body-length-browser/-/util-body-length-browser-3.1.0.tgz",
      "integrity": "sha512-vzKDD/p1gcA05jeLmn6+6HdOY4G6Axyp6dj1R1nVeFpPPx6KkFsNGL9/CoaRT2TGv1fHBoDXsve9JRaCxrER4Q==",
      "requires": {
        "tslib": "^1.8.0"
      },
      "dependencies": {
        "tslib": {
          "version": "1.14.1",
          "resolved": "https://registry.npmjs.org/tslib/-/tslib-1.14.1.tgz",
          "integrity": "sha512-Xni35NKzjgMrwevysHTCArtLDpPvye8zV/0E4EyYn43P7/7qvQwPh9BGkHewbMulVntbigmcT7rdX3BNo9wRJg=="
        }
      }
    },
    "@aws-sdk/util-body-length-node": {
      "version": "3.1.0",
      "resolved": "https://registry.npmjs.org/@aws-sdk/util-body-length-node/-/util-body-length-node-3.1.0.tgz",
      "integrity": "sha512-MfJoU2wFWkOmbjWDepq5bDGYZlpvtBi2Vs8ZeTcm/4+q+3L9tJ/Zb/Ofx5oeRg9VhCsAjvceQTdX+CAyP8byXA==",
      "requires": {
        "tslib": "^1.8.0"
      },
      "dependencies": {
        "tslib": {
          "version": "1.14.1",
          "resolved": "https://registry.npmjs.org/tslib/-/tslib-1.14.1.tgz",
          "integrity": "sha512-Xni35NKzjgMrwevysHTCArtLDpPvye8zV/0E4EyYn43P7/7qvQwPh9BGkHewbMulVntbigmcT7rdX3BNo9wRJg=="
        }
      }
    },
    "@aws-sdk/util-buffer-from": {
      "version": "3.1.0",
      "resolved": "https://registry.npmjs.org/@aws-sdk/util-buffer-from/-/util-buffer-from-3.1.0.tgz",
      "integrity": "sha512-UeC4VKmWYgTXjNdLVHfurrdhznnoxWLUFx8xspyRd58BhSZ5vc5HiiKTPX/CGxzAP/qZG668PaoOJucwmEam4g==",
      "requires": {
        "@aws-sdk/is-array-buffer": "3.1.0",
        "tslib": "^1.8.0"
      },
      "dependencies": {
        "tslib": {
          "version": "1.14.1",
          "resolved": "https://registry.npmjs.org/tslib/-/tslib-1.14.1.tgz",
          "integrity": "sha512-Xni35NKzjgMrwevysHTCArtLDpPvye8zV/0E4EyYn43P7/7qvQwPh9BGkHewbMulVntbigmcT7rdX3BNo9wRJg=="
        }
      }
    },
    "@aws-sdk/util-hex-encoding": {
      "version": "3.1.0",
      "resolved": "https://registry.npmjs.org/@aws-sdk/util-hex-encoding/-/util-hex-encoding-3.1.0.tgz",
      "integrity": "sha512-MPOsUY3USCUBaqZ3ifgE9il/liVxEKsz6dYQ08pdtWRzZx2CT7kWslQeNAT565pMvktnvdLjfzBw2FwnSI6nqg==",
      "requires": {
        "tslib": "^1.8.0"
      },
      "dependencies": {
        "tslib": {
          "version": "1.14.1",
          "resolved": "https://registry.npmjs.org/tslib/-/tslib-1.14.1.tgz",
          "integrity": "sha512-Xni35NKzjgMrwevysHTCArtLDpPvye8zV/0E4EyYn43P7/7qvQwPh9BGkHewbMulVntbigmcT7rdX3BNo9wRJg=="
        }
      }
    },
    "@aws-sdk/util-locate-window": {
      "version": "3.1.0",
      "resolved": "https://registry.npmjs.org/@aws-sdk/util-locate-window/-/util-locate-window-3.1.0.tgz",
      "integrity": "sha512-HAU9Sx3EJMGU4Cfq2m3t2QnkINNQx5KWa6xGctCLN2C8bNWOpKqQhWO6qcxsXalrdW5qiXY5sj8JZGRaLa3yyQ==",
      "requires": {
        "tslib": "^1.8.0"
      },
      "dependencies": {
        "tslib": {
          "version": "1.14.1",
          "resolved": "https://registry.npmjs.org/tslib/-/tslib-1.14.1.tgz",
          "integrity": "sha512-Xni35NKzjgMrwevysHTCArtLDpPvye8zV/0E4EyYn43P7/7qvQwPh9BGkHewbMulVntbigmcT7rdX3BNo9wRJg=="
        }
      }
    },
    "@aws-sdk/util-uri-escape": {
      "version": "3.1.0",
      "resolved": "https://registry.npmjs.org/@aws-sdk/util-uri-escape/-/util-uri-escape-3.1.0.tgz",
      "integrity": "sha512-1ZcXVJpsA6uW3tDTQI+Rpawqh76fyHpFc55ST8VGyMgmCzlJzBpYG0ck1kqVRSUP7YyvkJQvHfcm+U6doL5Xkw==",
      "requires": {
        "tslib": "^1.8.0"
      },
      "dependencies": {
        "tslib": {
          "version": "1.14.1",
          "resolved": "https://registry.npmjs.org/tslib/-/tslib-1.14.1.tgz",
          "integrity": "sha512-Xni35NKzjgMrwevysHTCArtLDpPvye8zV/0E4EyYn43P7/7qvQwPh9BGkHewbMulVntbigmcT7rdX3BNo9wRJg=="
        }
      }
    },
    "@aws-sdk/util-user-agent-browser": {
      "version": "3.3.0",
      "resolved": "https://registry.npmjs.org/@aws-sdk/util-user-agent-browser/-/util-user-agent-browser-3.3.0.tgz",
      "integrity": "sha512-IXl5CStrW9gxZjENIkHHcnskeTKY1rFg0HVkNesjgdxX+Ly8RfpQ5VK1yXn84gz9mQbnDPXTyfh/NHt3uUpKfQ==",
      "requires": {
        "@aws-sdk/types": "3.1.0",
        "bowser": "^2.11.0",
        "tslib": "^1.8.0"
      },
      "dependencies": {
        "tslib": {
          "version": "1.14.1",
          "resolved": "https://registry.npmjs.org/tslib/-/tslib-1.14.1.tgz",
          "integrity": "sha512-Xni35NKzjgMrwevysHTCArtLDpPvye8zV/0E4EyYn43P7/7qvQwPh9BGkHewbMulVntbigmcT7rdX3BNo9wRJg=="
        }
      }
    },
    "@aws-sdk/util-user-agent-node": {
      "version": "3.3.0",
      "resolved": "https://registry.npmjs.org/@aws-sdk/util-user-agent-node/-/util-user-agent-node-3.3.0.tgz",
      "integrity": "sha512-EVGCqLWu4mmtqmdorW8aKA0Kc9pbAYgIMhmXN5vH277qQJGwx2TC5yuNeufoLWdk5rIb+MdXLi1CqmtyHd7mYw==",
      "requires": {
        "@aws-sdk/node-config-provider": "3.3.0",
        "@aws-sdk/types": "3.1.0",
        "tslib": "^1.8.0"
      },
      "dependencies": {
        "tslib": {
          "version": "1.14.1",
          "resolved": "https://registry.npmjs.org/tslib/-/tslib-1.14.1.tgz",
          "integrity": "sha512-Xni35NKzjgMrwevysHTCArtLDpPvye8zV/0E4EyYn43P7/7qvQwPh9BGkHewbMulVntbigmcT7rdX3BNo9wRJg=="
        }
      }
    },
    "@aws-sdk/util-utf8-browser": {
      "version": "3.1.0",
      "resolved": "https://registry.npmjs.org/@aws-sdk/util-utf8-browser/-/util-utf8-browser-3.1.0.tgz",
      "integrity": "sha512-vJP20me+Wc1RJHq+Y+gFD25aWhbQte+Qkyh3SOKQ+YvNaMcaeVwOV7b3Y3ItBuMdutHLJWmbJ2wF6dhhpy1kOA==",
      "requires": {
        "tslib": "^1.8.0"
      },
      "dependencies": {
        "tslib": {
          "version": "1.14.1",
          "resolved": "https://registry.npmjs.org/tslib/-/tslib-1.14.1.tgz",
          "integrity": "sha512-Xni35NKzjgMrwevysHTCArtLDpPvye8zV/0E4EyYn43P7/7qvQwPh9BGkHewbMulVntbigmcT7rdX3BNo9wRJg=="
        }
      }
    },
    "@aws-sdk/util-utf8-node": {
      "version": "3.1.0",
      "resolved": "https://registry.npmjs.org/@aws-sdk/util-utf8-node/-/util-utf8-node-3.1.0.tgz",
      "integrity": "sha512-lrBLkROMh9kTjHOguusqLvTX5+5O5CVpAGeISZlW6CCx2pMHtVRyE9cdNuRI8aJpyZsU12j8SoaKDUPGD+ixzw==",
      "requires": {
        "@aws-sdk/util-buffer-from": "3.1.0",
        "tslib": "^1.8.0"
      },
      "dependencies": {
        "tslib": {
          "version": "1.14.1",
          "resolved": "https://registry.npmjs.org/tslib/-/tslib-1.14.1.tgz",
          "integrity": "sha512-Xni35NKzjgMrwevysHTCArtLDpPvye8zV/0E4EyYn43P7/7qvQwPh9BGkHewbMulVntbigmcT7rdX3BNo9wRJg=="
        }
      }
    },
    "@aws-sdk/util-waiter": {
      "version": "3.3.0",
      "resolved": "https://registry.npmjs.org/@aws-sdk/util-waiter/-/util-waiter-3.3.0.tgz",
      "integrity": "sha512-2oehLAHXws1tCFXQff7s/v0LExnFQVII4EXCJNyWDRWFA1uge4GtmyoJ6C8svyMI9y6vaACj997+le3z2uAgIA==",
      "requires": {
        "@aws-sdk/abort-controller": "3.3.0",
        "@aws-sdk/types": "3.1.0",
        "tslib": "^1.8.0"
      },
      "dependencies": {
        "tslib": {
          "version": "1.14.1",
          "resolved": "https://registry.npmjs.org/tslib/-/tslib-1.14.1.tgz",
          "integrity": "sha512-Xni35NKzjgMrwevysHTCArtLDpPvye8zV/0E4EyYn43P7/7qvQwPh9BGkHewbMulVntbigmcT7rdX3BNo9wRJg=="
        }
      }
    },
    "asn1": {
      "version": "0.2.4",
      "resolved": "https://registry.npmjs.org/asn1/-/asn1-0.2.4.tgz",
      "integrity": "sha512-jxwzQpLQjSmWXgwaCZE9Nz+glAG01yF1QnWgbhGwHI5A6FRIEY6IVqtHhIepHqI7/kyEyQEagBC5mBEFlIYvdg==",
      "requires": {
        "safer-buffer": "~2.1.0"
      }
    },
    "bcrypt-pbkdf": {
      "version": "1.0.2",
      "resolved": "https://registry.npmjs.org/bcrypt-pbkdf/-/bcrypt-pbkdf-1.0.2.tgz",
      "integrity": "sha1-pDAdOJtqQ/m2f/PKEaP2Y342Dp4=",
      "requires": {
        "tweetnacl": "^0.14.3"
      }
    },
    "bowser": {
      "version": "2.11.0",
      "resolved": "https://registry.npmjs.org/bowser/-/bowser-2.11.0.tgz",
      "integrity": "sha512-AlcaJBi/pqqJBIQ8U9Mcpc9i8Aqxn88Skv5d+xBX006BY5u8N3mGLHa5Lgppa7L/HfwgwLgZ6NYs+Ag6uUmJRA=="
    },
    "fast-base64-decode": {
      "version": "1.0.0",
      "resolved": "https://registry.npmjs.org/fast-base64-decode/-/fast-base64-decode-1.0.0.tgz",
      "integrity": "sha512-qwaScUgUGBYeDNRnbc/KyllVU88Jk1pRHPStuF/lO7B0/RTRLj7U0lkdTAutlBblY08rwZDff6tNU9cjv6j//Q=="
    },
    "make-dir": {
      "version": "3.1.0",
      "resolved": "https://registry.npmjs.org/make-dir/-/make-dir-3.1.0.tgz",
      "integrity": "sha512-g3FeP20LNwhALb/6Cz6Dd4F2ngze0jz7tbzrD2wAV+o9FeNHe4rL+yK2md0J/fiSf1sa1ADhXqi5+oVwOM/eGw==",
      "requires": {
        "semver": "^6.0.0"
      }
    },
    "node-ssh": {
      "version": "11.1.1",
      "resolved": "https://registry.npmjs.org/node-ssh/-/node-ssh-11.1.1.tgz",
      "integrity": "sha512-B3Tb3t54nCj2PyA8vnUMeH19Z2hybJzg5n4t9mRCOTfVGwGlJrv0frDjhPjisTAg3JplJiSxzfImOTMvFPkraQ==",
      "requires": {
        "make-dir": "^3.1.0",
        "sb-promise-queue": "^2.1.0",
        "sb-scandir": "^3.1.0",
        "shell-escape": "^0.2.0",
        "ssh2": "^0.8.9"
      }
    },
    "punycode": {
      "version": "1.3.2",
      "resolved": "https://registry.npmjs.org/punycode/-/punycode-1.3.2.tgz",
      "integrity": "sha1-llOgNvt8HuQjQvIyXM7v6jkmxI0="
    },
    "querystring": {
      "version": "0.2.0",
      "resolved": "https://registry.npmjs.org/querystring/-/querystring-0.2.0.tgz",
      "integrity": "sha1-sgmEkgO7Jd+CDadW50cAWHhSFiA="
    },
    "react-native-get-random-values": {
      "version": "1.5.1",
      "resolved": "https://registry.npmjs.org/react-native-get-random-values/-/react-native-get-random-values-1.5.1.tgz",
      "integrity": "sha512-L76sTcz3jdFmc7Gn41SHOxCioYY3m4rtuWEUI6X8IeWVmkflHXrSyAObOW4eNTM5qytH+45pgMCVKJzfB/Ik4A==",
      "requires": {
        "fast-base64-decode": "^1.0.0"
      }
    },
    "safer-buffer": {
      "version": "2.1.2",
      "resolved": "https://registry.npmjs.org/safer-buffer/-/safer-buffer-2.1.2.tgz",
      "integrity": "sha512-YZo3K82SD7Riyi0E1EQPojLz7kpepnSQI9IyPbHHg1XXXevb5dJI7tpyN2ADxGcQbHG7vcyRHk0cbwqcQriUtg=="
    },
    "sb-promise-queue": {
      "version": "2.1.0",
      "resolved": "https://registry.npmjs.org/sb-promise-queue/-/sb-promise-queue-2.1.0.tgz",
      "integrity": "sha512-zwq4YuP1FQFkGx2Q7GIkZYZ6PqWpV+bg0nIO1sJhWOyGyhqbj0MsTvK6lCFo5TQwX5pZr6SCQ75e8PCDCuNvkg=="
    },
    "sb-scandir": {
      "version": "3.1.0",
      "resolved": "https://registry.npmjs.org/sb-scandir/-/sb-scandir-3.1.0.tgz",
      "integrity": "sha512-70BVm2xz9jn94zSQdpvYrEG101/UV9TVGcfWr9T5iob3QhCK4lYXeculfBqPGFv3XTeKgx4dpWyYIDeZUqo4kg==",
      "requires": {
        "sb-promise-queue": "^2.1.0"
      }
    },
    "semver": {
      "version": "6.3.0",
      "resolved": "https://registry.npmjs.org/semver/-/semver-6.3.0.tgz",
      "integrity": "sha512-b39TBaTSfV6yBrapU89p5fKekE2m/NwnDocOVruQFS1/veMgdzuPcnOM34M6CwxW8jH/lxEa5rBoDeUwu5HHTw=="
    },
    "shell-escape": {
      "version": "0.2.0",
      "resolved": "https://registry.npmjs.org/shell-escape/-/shell-escape-0.2.0.tgz",
      "integrity": "sha1-aP0CXrBJC09WegJ/C/IkgLX4QTM="
    },
    "ssh2": {
      "version": "0.8.9",
      "resolved": "https://registry.npmjs.org/ssh2/-/ssh2-0.8.9.tgz",
      "integrity": "sha512-GmoNPxWDMkVpMFa9LVVzQZHF6EW3WKmBwL+4/GeILf2hFmix5Isxm7Amamo8o7bHiU0tC+wXsGcUXOxp8ChPaw==",
      "requires": {
        "ssh2-streams": "~0.4.10"
      }
    },
    "ssh2-streams": {
      "version": "0.4.10",
      "resolved": "https://registry.npmjs.org/ssh2-streams/-/ssh2-streams-0.4.10.tgz",
      "integrity": "sha512-8pnlMjvnIZJvmTzUIIA5nT4jr2ZWNNVHwyXfMGdRJbug9TpI3kd99ffglgfSWqujVv/0gxwMsDn9j9RVst8yhQ==",
      "requires": {
        "asn1": "~0.2.0",
        "bcrypt-pbkdf": "^1.0.2",
        "streamsearch": "~0.1.2"
      }
    },
    "streamsearch": {
      "version": "0.1.2",
      "resolved": "https://registry.npmjs.org/streamsearch/-/streamsearch-0.1.2.tgz",
      "integrity": "sha1-gIudDlb8Jz2Am6VzOOkpkZoanxo="
    },
    "tslib": {
      "version": "2.1.0",
      "resolved": "https://registry.npmjs.org/tslib/-/tslib-2.1.0.tgz",
      "integrity": "sha512-hcVC3wYEziELGGmEEXue7D75zbwIIVUMWAVbHItGPx0ziyXxrOMQx4rQEVEV45Ut/1IotuEvwqPopzIOkDMf0A=="
    },
    "tweetnacl": {
      "version": "0.14.5",
      "resolved": "https://registry.npmjs.org/tweetnacl/-/tweetnacl-0.14.5.tgz",
      "integrity": "sha1-WuaBd/GS1EViadEIr6k/+HQ/T2Q="
    },
    "url": {
      "version": "0.11.0",
      "resolved": "https://registry.npmjs.org/url/-/url-0.11.0.tgz",
      "integrity": "sha1-ODjpfPxgUh63PFJajlW/3Z4uKPE=",
      "requires": {
        "punycode": "1.3.2",
        "querystring": "0.2.0"
      }
    },
    "uuid": {
      "version": "3.4.0",
      "resolved": "https://registry.npmjs.org/uuid/-/uuid-3.4.0.tgz",
      "integrity": "sha512-HjSDRw6gZE5JMggctHBcjVak08+KEVhSIiDzFnT9S9aegmp85S/bReBVTb4QTFaRNptJ9kuYaNhnbNEOkbKb/A=="
    }
  }
}
